{
  "name": "PIA Projekat",
  "lockfileVersion": 2,
  "requires": true,
  "packages": {
    "": {
      "dependencies": {
        "@types/leaflet": "^1.9.0",
        "@types/node": "^18.11.18",
        "@types/nodemailer": "^6.4.7",
        "cloudmailin": "^0.0.3",
        "crypto": "^1.0.1",
        "file-system": "^1.2.2",
        "fs": "^0.0.1-security",
        "generate-password": "^1.7.0",
        "leaflet": "^1.9.3",
        "ng-image-slider": "^7.0.0"
      },
      "devDependencies": {
        "@types/crypto-js": "^4.1.1"
      }
    },
    "node_modules/@angular/common": {
      "version": "15.1.0",
      "resolved": "https://registry.npmjs.org/@angular/common/-/common-15.1.0.tgz",
      "integrity": "sha512-O0JKOeJ7dFcd/mnnfm4xQOYTAc+yL+OrRpGte7z84lKPU2fupLpGW/30tHUy1TXixsANyTLC3cTVXTY5szPdqg==",
      "peer": true,
      "dependencies": {
        "tslib": "^2.3.0"
      },
      "engines": {
        "node": "^14.20.0 || ^16.13.0 || >=18.10.0"
      },
      "peerDependencies": {
        "@angular/core": "15.1.0",
        "rxjs": "^6.5.3 || ^7.4.0"
      }
    },
    "node_modules/@angular/core": {
      "version": "15.1.0",
      "resolved": "https://registry.npmjs.org/@angular/core/-/core-15.1.0.tgz",
      "integrity": "sha512-HiwctuR73MuLoLeP35j9xF8/SIg7ELx+iHZtp/TBfoH+LOmjWbdrAdVAPTbqnxvK0aJG+527dhgC6tBOXgBTcg==",
      "peer": true,
      "dependencies": {
        "tslib": "^2.3.0"
      },
      "engines": {
        "node": "^14.20.0 || ^16.13.0 || >=18.10.0"
      },
      "peerDependencies": {
        "rxjs": "^6.5.3 || ^7.4.0",
        "zone.js": "~0.11.4 || ~0.12.0"
      }
    },
    "node_modules/@types/crypto-js": {
      "version": "4.1.1",
      "resolved": "https://registry.npmjs.org/@types/crypto-js/-/crypto-js-4.1.1.tgz",
      "integrity": "sha512-BG7fQKZ689HIoc5h+6D2Dgq1fABRa0RbBWKBd9SP/MVRVXROflpm5fhwyATX5duFmbStzyzyycPB8qUYKDH3NA==",
      "dev": true
    },
    "node_modules/@types/geojson": {
      "version": "7946.0.10",
      "resolved": "https://registry.npmjs.org/@types/geojson/-/geojson-7946.0.10.tgz",
      "integrity": "sha512-Nmh0K3iWQJzniTuPRcJn5hxXkfB1T1pgB89SBig5PlJQU5yocazeu4jATJlaA0GYFKWMqDdvYemoSnF2pXgLVA=="
    },
    "node_modules/@types/leaflet": {
      "version": "1.9.0",
      "resolved": "https://registry.npmjs.org/@types/leaflet/-/leaflet-1.9.0.tgz",
      "integrity": "sha512-7LeOSj7EloC5UcyOMo+1kc3S1UT3MjJxwqsMT1d2PTyvQz53w0Y0oSSk9nwZnOZubCmBvpSNGceucxiq+ZPEUw==",
      "dependencies": {
        "@types/geojson": "*"
      }
    },
    "node_modules/@types/node": {
      "version": "18.11.18",
      "resolved": "https://registry.npmjs.org/@types/node/-/node-18.11.18.tgz",
      "integrity": "sha512-DHQpWGjyQKSHj3ebjFI/wRKcqQcdR+MoFBygntYOZytCqNfkd2ZC4ARDJ2DQqhjH5p85Nnd3jhUJIXrszFX/JA=="
    },
    "node_modules/@types/nodemailer": {
      "version": "6.4.7",
      "resolved": "https://registry.npmjs.org/@types/nodemailer/-/nodemailer-6.4.7.tgz",
      "integrity": "sha512-f5qCBGAn/f0qtRcd4SEn88c8Fp3Swct1731X4ryPKqS61/A3LmmzN8zaEz7hneJvpjFbUUgY7lru/B/7ODTazg==",
      "dependencies": {
        "@types/node": "*"
      }
    },
    "node_modules/axios": {
      "version": "0.21.4",
      "resolved": "https://registry.npmjs.org/axios/-/axios-0.21.4.tgz",
      "integrity": "sha512-ut5vewkiu8jjGBdqpM44XxjuCjq9LAKeHVmoVfHVzy8eHgxxq8SbAVQNovDA8mVi05kP0Ea/n/UzcSHcTJQfNg==",
      "dependencies": {
        "follow-redirects": "^1.14.0"
      }
    },
    "node_modules/cloudmailin": {
      "version": "0.0.3",
      "resolved": "https://registry.npmjs.org/cloudmailin/-/cloudmailin-0.0.3.tgz",
      "integrity": "sha512-EWea7qkblqV0xSO2zEZlfL8sidnPOGdEtP9x+PRes+bmsQxIaXJBuQp8iuemDyShR9ttohG4VpYOl0neSTDiIg==",
      "dependencies": {
        "axios": "^0.21.1"
      }
    },
    "node_modules/crypto": {
      "version": "1.0.1",
      "resolved": "https://registry.npmjs.org/crypto/-/crypto-1.0.1.tgz",
      "integrity": "sha512-VxBKmeNcqQdiUQUW2Tzq0t377b54N2bMtXO/qiLa+6eRRmmC4qT3D4OnTGoT/U6O9aklQ/jTwbOtRMTTY8G0Ig==",
      "deprecated": "This package is no longer supported. It's now a built-in Node module. If you've depended on crypto, you should switch to the one that's built-in."
    },
    "node_modules/file-system": {
      "version": "1.2.2",
      "resolved": "https://registry.npmjs.org/file-system/-/file-system-1.2.2.tgz",
      "integrity": "sha512-bXo+oSzATieYHSIFXDmtSyS2Im7VSv1Kc0A5xvVUDvuYS2IpOb7gWYT2J5tjYA5p+OHALZFogFDPUFMZRmRLfA=="
    },
    "node_modules/follow-redirects": {
      "version": "1.15.2",
      "resolved": "https://registry.npmjs.org/follow-redirects/-/follow-redirects-1.15.2.tgz",
      "integrity": "sha512-VQLG33o04KaQ8uYi2tVNbdrWp1QWxNNea+nmIB4EVM28v0hmP17z7aG1+wAkNzVq4KeXTq3221ye5qTJP91JwA==",
      "funding": [
        {
          "type": "individual",
          "url": "https://github.com/sponsors/RubenVerborgh"
        }
      ],
      "engines": {
        "node": ">=4.0"
      },
      "peerDependenciesMeta": {
        "debug": {
          "optional": true
        }
      }
    },
    "node_modules/fs": {
      "version": "0.0.1-security",
      "resolved": "https://registry.npmjs.org/fs/-/fs-0.0.1-security.tgz",
      "integrity": "sha512-3XY9e1pP0CVEUCdj5BmfIZxRBTSDycnbqhIOGec9QYtmVH2fbLpj86CFWkrNOkt/Fvty4KZG5lTglL9j/gJ87w=="
    },
    "node_modules/generate-password": {
      "version": "1.7.0",
      "resolved": "https://registry.npmjs.org/generate-password/-/generate-password-1.7.0.tgz",
      "integrity": "sha512-WPCtlfy0jexf7W5IbwxGUgpIDvsZIohbI2DAq2Q6TSlKKis+G4GT9sxvPxrZUGL8kP6WUXMWNqYnxY6DDKAdFA=="
    },
    "node_modules/leaflet": {
      "version": "1.9.3",
      "resolved": "https://registry.npmjs.org/leaflet/-/leaflet-1.9.3.tgz",
      "integrity": "sha512-iB2cR9vAkDOu5l3HAay2obcUHZ7xwUBBjph8+PGtmW/2lYhbLizWtG7nTeYht36WfOslixQF9D/uSIzhZgGMfQ=="
    },
    "node_modules/ng-image-slider": {
      "version": "7.0.0",
      "resolved": "https://registry.npmjs.org/ng-image-slider/-/ng-image-slider-7.0.0.tgz",
      "integrity": "sha512-1NxZFYQKv16CwQ6Hw4Nyu9JgguY0EEfI3vnbB6ZEXctcJkn6MCbYVI4PR3SNY7izqsAgUY93F5LWX3r+CeV5Pg==",
      "dependencies": {
        "tslib": "^2.3.0"
      },
      "peerDependencies": {
        "@angular/common": "^15.0.4",
        "@angular/core": "^15.0.4"
      }
    },
    "node_modules/rxjs": {
      "version": "7.8.0",
      "resolved": "https://registry.npmjs.org/rxjs/-/rxjs-7.8.0.tgz",
      "integrity": "sha512-F2+gxDshqmIub1KdvZkaEfGDwLNpPvk9Fs6LD/MyQxNgMds/WH9OdDDXOmxUZpME+iSK3rQCctkL0DYyytUqMg==",
      "peer": true,
      "dependencies": {
        "tslib": "^2.1.0"
      }
    },
    "node_modules/tslib": {
      "version": "2.4.1",
      "resolved": "https://registry.npmjs.org/tslib/-/tslib-2.4.1.tgz",
      "integrity": "sha512-tGyy4dAjRIEwI7BzsB0lynWgOpfqjUdq91XXAlIWD2OwKBH7oCl/GZG/HT4BOHrTlPMOASlMQ7veyTqpmRcrNA=="
    },
    "node_modules/zone.js": {
      "version": "0.12.0",
      "resolved": "https://registry.npmjs.org/zone.js/-/zone.js-0.12.0.tgz",
      "integrity": "sha512-XtC+I5dXU14HrzidAKBNMqneIVUykLEAA1x+v4KVrd6AUPWlwYORF8KgsVqvgdHiKZ4BkxxjvYi/ksEixTPR0Q==",
      "peer": true,
      "dependencies": {
        "tslib": "^2.3.0"
      }
    }
  },
  "dependencies": {
    "@angular/common": {
      "version": "15.1.0",
      "resolved": "https://registry.npmjs.org/@angular/common/-/common-15.1.0.tgz",
      "integrity": "sha512-O0JKOeJ7dFcd/mnnfm4xQOYTAc+yL+OrRpGte7z84lKPU2fupLpGW/30tHUy1TXixsANyTLC3cTVXTY5szPdqg==",
      "peer": true,
      "requires": {
        "tslib": "^2.3.0"
      }
    },
    "@angular/core": {
      "version": "15.1.0",
      "resolved": "https://registry.npmjs.org/@angular/core/-/core-15.1.0.tgz",
      "integrity": "sha512-HiwctuR73MuLoLeP35j9xF8/SIg7ELx+iHZtp/TBfoH+LOmjWbdrAdVAPTbqnxvK0aJG+527dhgC6tBOXgBTcg==",
      "peer": true,
      "requires": {
        "tslib": "^2.3.0"
      }
    },
    "@types/crypto-js": {
      "version": "4.1.1",
      "resolved": "https://registry.npmjs.org/@types/crypto-js/-/crypto-js-4.1.1.tgz",
      "integrity": "sha512-BG7fQKZ689HIoc5h+6D2Dgq1fABRa0RbBWKBd9SP/MVRVXROflpm5fhwyATX5duFmbStzyzyycPB8qUYKDH3NA==",
      "dev": true
    },
    "@types/geojson": {
      "version": "7946.0.10",
      "resolved": "https://registry.npmjs.org/@types/geojson/-/geojson-7946.0.10.tgz",
      "integrity": "sha512-Nmh0K3iWQJzniTuPRcJn5hxXkfB1T1pgB89SBig5PlJQU5yocazeu4jATJlaA0GYFKWMqDdvYemoSnF2pXgLVA=="
    },
    "@types/leaflet": {
      "version": "1.9.0",
      "resolved": "https://registry.npmjs.org/@types/leaflet/-/leaflet-1.9.0.tgz",
      "integrity": "sha512-7LeOSj7EloC5UcyOMo+1kc3S1UT3MjJxwqsMT1d2PTyvQz53w0Y0oSSk9nwZnOZubCmBvpSNGceucxiq+ZPEUw==",
      "requires": {
        "@types/geojson": "*"
      }
    },
    "@types/node": {
      "version": "18.11.18",
      "resolved": "https://registry.npmjs.org/@types/node/-/node-18.11.18.tgz",
      "integrity": "sha512-DHQpWGjyQKSHj3ebjFI/wRKcqQcdR+MoFBygntYOZytCqNfkd2ZC4ARDJ2DQqhjH5p85Nnd3jhUJIXrszFX/JA=="
    },
    "@types/nodemailer": {
      "version": "6.4.7",
      "resolved": "https://registry.npmjs.org/@types/nodemailer/-/nodemailer-6.4.7.tgz",
      "integrity": "sha512-f5qCBGAn/f0qtRcd4SEn88c8Fp3Swct1731X4ryPKqS61/A3LmmzN8zaEz7hneJvpjFbUUgY7lru/B/7ODTazg==",
      "requires": {
        "@types/node": "*"
      }
    },
    "axios": {
      "version": "0.21.4",
      "resolved": "https://registry.npmjs.org/axios/-/axios-0.21.4.tgz",
      "integrity": "sha512-ut5vewkiu8jjGBdqpM44XxjuCjq9LAKeHVmoVfHVzy8eHgxxq8SbAVQNovDA8mVi05kP0Ea/n/UzcSHcTJQfNg==",
      "requires": {
        "follow-redirects": "^1.14.0"
      }
    },
    "cloudmailin": {
      "version": "0.0.3",
      "resolved": "https://registry.npmjs.org/cloudmailin/-/cloudmailin-0.0.3.tgz",
      "integrity": "sha512-EWea7qkblqV0xSO2zEZlfL8sidnPOGdEtP9x+PRes+bmsQxIaXJBuQp8iuemDyShR9ttohG4VpYOl0neSTDiIg==",
      "requires": {
        "axios": "^0.21.1"
      }
    },
    "crypto": {
      "version": "1.0.1",
      "resolved": "https://registry.npmjs.org/crypto/-/crypto-1.0.1.tgz",
      "integrity": "sha512-VxBKmeNcqQdiUQUW2Tzq0t377b54N2bMtXO/qiLa+6eRRmmC4qT3D4OnTGoT/U6O9aklQ/jTwbOtRMTTY8G0Ig=="
    },
    "file-system": {
      "version": "1.2.2",
      "resolved": "https://registry.npmjs.org/file-system/-/file-system-1.2.2.tgz",
      "integrity": "sha512-bXo+oSzATieYHSIFXDmtSyS2Im7VSv1Kc0A5xvVUDvuYS2IpOb7gWYT2J5tjYA5p+OHALZFogFDPUFMZRmRLfA=="
    },
    "follow-redirects": {
      "version": "1.15.2",
      "resolved": "https://registry.npmjs.org/follow-redirects/-/follow-redirects-1.15.2.tgz",
      "integrity": "sha512-VQLG33o04KaQ8uYi2tVNbdrWp1QWxNNea+nmIB4EVM28v0hmP17z7aG1+wAkNzVq4KeXTq3221ye5qTJP91JwA=="
    },
    "fs": {
      "version": "0.0.1-security",
      "resolved": "https://registry.npmjs.org/fs/-/fs-0.0.1-security.tgz",
      "integrity": "sha512-3XY9e1pP0CVEUCdj5BmfIZxRBTSDycnbqhIOGec9QYtmVH2fbLpj86CFWkrNOkt/Fvty4KZG5lTglL9j/gJ87w=="
    },
    "generate-password": {
      "version": "1.7.0",
      "resolved": "https://registry.npmjs.org/generate-password/-/generate-password-1.7.0.tgz",
      "integrity": "sha512-WPCtlfy0jexf7W5IbwxGUgpIDvsZIohbI2DAq2Q6TSlKKis+G4GT9sxvPxrZUGL8kP6WUXMWNqYnxY6DDKAdFA=="
    },
    "leaflet": {
      "version": "1.9.3",
      "resolved": "https://registry.npmjs.org/leaflet/-/leaflet-1.9.3.tgz",
      "integrity": "sha512-iB2cR9vAkDOu5l3HAay2obcUHZ7xwUBBjph8+PGtmW/2lYhbLizWtG7nTeYht36WfOslixQF9D/uSIzhZgGMfQ=="
    },
    "ng-image-slider": {
      "version": "7.0.0",
      "resolved": "https://registry.npmjs.org/ng-image-slider/-/ng-image-slider-7.0.0.tgz",
      "integrity": "sha512-1NxZFYQKv16CwQ6Hw4Nyu9JgguY0EEfI3vnbB6ZEXctcJkn6MCbYVI4PR3SNY7izqsAgUY93F5LWX3r+CeV5Pg==",
      "requires": {
        "tslib": "^2.3.0"
      }
    },
    "rxjs": {
      "version": "7.8.0",
      "resolved": "https://registry.npmjs.org/rxjs/-/rxjs-7.8.0.tgz",
      "integrity": "sha512-F2+gxDshqmIub1KdvZkaEfGDwLNpPvk9Fs6LD/MyQxNgMds/WH9OdDDXOmxUZpME+iSK3rQCctkL0DYyytUqMg==",
      "peer": true,
      "requires": {
        "tslib": "^2.1.0"
      }
    },
    "tslib": {
      "version": "2.4.1",
      "resolved": "https://registry.npmjs.org/tslib/-/tslib-2.4.1.tgz",
      "integrity": "sha512-tGyy4dAjRIEwI7BzsB0lynWgOpfqjUdq91XXAlIWD2OwKBH7oCl/GZG/HT4BOHrTlPMOASlMQ7veyTqpmRcrNA=="
    },
    "zone.js": {
      "version": "0.12.0",
      "resolved": "https://registry.npmjs.org/zone.js/-/zone.js-0.12.0.tgz",
      "integrity": "sha512-XtC+I5dXU14HrzidAKBNMqneIVUykLEAA1x+v4KVrd6AUPWlwYORF8KgsVqvgdHiKZ4BkxxjvYi/ksEixTPR0Q==",
      "peer": true,
      "requires": {
        "tslib": "^2.3.0"
      }
    }
  }
}
